
Microsoft Visual Studio Solution File, Format Version 12.00
# Visual Studio Version 17
VisualStudioVersion = 17.9.34728.123
MinimumVisualStudioVersion = 10.0.40219.1
Project("{FAE04EC0-301F-11D3-BF4B-00C04F79EFBC}") = "PrShip", "PrShip.csproj", "{12843CD1-DA25-4038-933D-710F339336EC}"
EndProject
Global
	GlobalSection(SolutionConfigurationPlatforms) = preSolution
		Debug|Any CPU = Debug|Any CPU
		Release|Any CPU = Release|Any CPU
	EndGlobalSection
	GlobalSection(ProjectConfigurationPlatforms) = postSolution
		{12843CD1-DA25-4038-933D-710F339336EC}.Debug|Any CPU.ActiveCfg = Debug|Any CPU
		{12843CD1-DA25-4038-933D-710F339336EC}.Debug|Any CPU.Build.0 = Debug|Any CPU
		{12843CD1-DA25-4038-933D-710F339336EC}.Release|Any CPU.ActiveCfg = Release|Any CPU
		{12843CD1-DA25-4038-933D-710F339336EC}.Release|Any CPU.Build.0 = Release|Any CPU
	EndGlobalSection
	GlobalSection(SolutionProperties) = preSolution
		HideSolutionNode = FALSE
	EndGlobalSection
	GlobalSection(ExtensibilityGlobals) = postSolution
		SolutionGuid = {3EAD5E2A-CF82-45EC-B1A3-573B2DFAE3F4}
	EndGlobalSection
EndGlobal
